
Microsoft Visual Studio Solution File, Format Version 12.00
# Visual Studio Version 17
VisualStudioVersion = 17.9.34728.123
MinimumVisualStudioVersion = 10.0.40219.1
Project("{9A19103F-16F7-4668-BE54-9A1E7A4F7556}") = "Qotd.Web.Blazor", "Qotd.Web.Blazor\Qotd.Web.Blazor.csproj", "{28055D0B-2C53-451C-A4BC-97053F466636}"
EndProject
Project("{9A19103F-16F7-4668-BE54-9A1E7A4F7556}") = "Qotd.Shared", "Qotd.Shared\Qotd.Shared.csproj", "{31A1E25A-9499-4887-BF7A-F78C31018E64}"
EndProject
Project("{9A19103F-16F7-4668-BE54-9A1E7A4F7556}") = "Qotd.Domain", "Qotd.Domain\Qotd.Domain.csproj", "{92E2ADF2-7C73-4CB1-8DAB-B2EA2F77FAD8}"
EndProject
Project("{9A19103F-16F7-4668-BE54-9A1E7A4F7556}") = "Qotd.Data", "Qotd.Data\Qotd.Data.csproj", "{F6A3E332-FD78-4BCE-BDFC-5C564144D6DD}"
EndProject
Project("{9A19103F-16F7-4668-BE54-9A1E7A4F7556}") = "Qotd.Service", "Qotd.Service\Qotd.Service.csproj", "{E46E3706-226C-4E92-8ACD-BD69956D4633}"
EndProject
Project("{FAE04EC0-301F-11D3-BF4B-00C04F79EFBC}") = "Qotd.ComponentsLibrary", "Qotd.ComponentsLibrary\Qotd.ComponentsLibrary.csproj", "{5CD71BCC-C835-4283-81E6-ED1939B2BD2A}"
EndProject
Global
	GlobalSection(SolutionConfigurationPlatforms) = preSolution
		Debug|Any CPU = Debug|Any CPU
		Release|Any CPU = Release|Any CPU
	EndGlobalSection
	GlobalSection(ProjectConfigurationPlatforms) = postSolution
		{28055D0B-2C53-451C-A4BC-97053F466636}.Debug|Any CPU.ActiveCfg = Debug|Any CPU
		{28055D0B-2C53-451C-A4BC-97053F466636}.Debug|Any CPU.Build.0 = Debug|Any CPU
		{28055D0B-2C53-451C-A4BC-97053F466636}.Release|Any CPU.ActiveCfg = Release|Any CPU
		{28055D0B-2C53-451C-A4BC-97053F466636}.Release|Any CPU.Build.0 = Release|Any CPU
		{31A1E25A-9499-4887-BF7A-F78C31018E64}.Debug|Any CPU.ActiveCfg = Debug|Any CPU
		{31A1E25A-9499-4887-BF7A-F78C31018E64}.Debug|Any CPU.Build.0 = Debug|Any CPU
		{31A1E25A-9499-4887-BF7A-F78C31018E64}.Release|Any CPU.ActiveCfg = Release|Any CPU
		{31A1E25A-9499-4887-BF7A-F78C31018E64}.Release|Any CPU.Build.0 = Release|Any CPU
		{92E2ADF2-7C73-4CB1-8DAB-B2EA2F77FAD8}.Debug|Any CPU.ActiveCfg = Debug|Any CPU
		{92E2ADF2-7C73-4CB1-8DAB-B2EA2F77FAD8}.Debug|Any CPU.Build.0 = Debug|Any CPU
		{92E2ADF2-7C73-4CB1-8DAB-B2EA2F77FAD8}.Release|Any CPU.ActiveCfg = Release|Any CPU
		{92E2ADF2-7C73-4CB1-8DAB-B2EA2F77FAD8}.Release|Any CPU.Build.0 = Release|Any CPU
		{F6A3E332-FD78-4BCE-BDFC-5C564144D6DD}.Debug|Any CPU.ActiveCfg = Debug|Any CPU
		{F6A3E332-FD78-4BCE-BDFC-5C564144D6DD}.Debug|Any CPU.Build.0 = Debug|Any CPU
		{F6A3E332-FD78-4BCE-BDFC-5C564144D6DD}.Release|Any CPU.ActiveCfg = Release|Any CPU
		{F6A3E332-FD78-4BCE-BDFC-5C564144D6DD}.Release|Any CPU.Build.0 = Release|Any CPU
		{E46E3706-226C-4E92-8ACD-BD69956D4633}.Debug|Any CPU.ActiveCfg = Debug|Any CPU
		{E46E3706-226C-4E92-8ACD-BD69956D4633}.Debug|Any CPU.Build.0 = Debug|Any CPU
		{E46E3706-226C-4E92-8ACD-BD69956D4633}.Release|Any CPU.ActiveCfg = Release|Any CPU
		{E46E3706-226C-4E92-8ACD-BD69956D4633}.Release|Any CPU.Build.0 = Release|Any CPU
		{5CD71BCC-C835-4283-81E6-ED1939B2BD2A}.Debug|Any CPU.ActiveCfg = Debug|Any CPU
		{5CD71BCC-C835-4283-81E6-ED1939B2BD2A}.Debug|Any CPU.Build.0 = Debug|Any CPU
		{5CD71BCC-C835-4283-81E6-ED1939B2BD2A}.Release|Any CPU.ActiveCfg = Release|Any CPU
		{5CD71BCC-C835-4283-81E6-ED1939B2BD2A}.Release|Any CPU.Build.0 = Release|Any CPU
	EndGlobalSection
	GlobalSection(SolutionProperties) = preSolution
		HideSolutionNode = FALSE
	EndGlobalSection
	GlobalSection(ExtensibilityGlobals) = postSolution
		SolutionGuid = {91B5BD0F-7EA8-4B9A-9BD6-D30347CD96A6}
	EndGlobalSection
EndGlobal
